# THIS IS AN AUTOGENERATED FILE. DO NOT EDIT THIS FILE DIRECTLY.
# yarn lockfile v1


"@sequelize/core@^7.0.0-alpha.10":
  "integrity" "sha512-uikpWaCiIaijsgoa9cH+3jCQl8r+FaQPhoE8AOJYvPwxOx52E1JZnRPMXNnlpbFy3Xu0qekrc5LBJq7IR8UB0Q=="
  "resolved" "https://registry.npmjs.org/@sequelize/core/-/core-7.0.0-alpha.10.tgz"
  "version" "7.0.0-alpha.10"
  dependencies:
    "@types/debug" "^4.1.7"
    "debug" "^4.3.3"
    "dottie" "^2.0.2"
    "inflection" "^1.13.1"
    "lodash" "^4.17.21"
    "moment" "^2.29.1"
    "moment-timezone" "^0.5.34"
    "pg-connection-string" "^2.5.0"
    "retry-as-promised" "^5.0.0"
    "semver" "^7.3.5"
    "sequelize-pool" "^7.1.0"
    "toposort-class" "^1.0.1"
    "uuid" "^8.3.2"
    "validator" "^13.7.0"
    "wkx" "^0.5.0"

"@types/debug@^4.1.7":
  "integrity" "sha512-9AonUzyTjXXhEOa0DnqpzZi6VHlqKMswga9EXjpXnnqxwLtdvPPtlO8evrI5D9S6asFRCQ6v+wpiUKbw+vKqyg=="
  "resolved" "https://registry.npmjs.org/@types/debug/-/debug-4.1.7.tgz"
  "version" "4.1.7"
  dependencies:
    "@types/ms" "*"

"@types/ms@*":
  "integrity" "sha512-iiUgKzV9AuaEkZqkOLDIvlQiL6ltuZd9tGcW3gwpnX8JbuiuhFlEGmmFXEXkN50Cvq7Os88IY2v0dkDqXYWVgA=="
  "resolved" "https://registry.npmjs.org/@types/ms/-/ms-0.7.31.tgz"
  "version" "0.7.31"

"@types/node@*":
  "integrity" "sha512-DBZCJbhII3r90XbQxI8Y9IjjiiOGlZ0Hr32omXIZvwwZ7p4DMMXGrKXVyPfuoBOri9XNtL0UK69jYIBIsRX3QQ=="
  "resolved" "https://registry.npmjs.org/@types/node/-/node-17.0.21.tgz"
  "version" "17.0.21"

"append-field@^1.0.0":
  "integrity" "sha1-HjRA6RXwsSA9I3SOeO3XubW0PlY="
  "resolved" "https://registry.npmjs.org/append-field/-/append-field-1.0.0.tgz"
  "version" "1.0.0"

"bluebird@^3.5.1":
  "integrity" "sha512-XpNj6GDQzdfW+r2Wnn7xiSAd7TM3jzkxGXBGTtWKuSXv1xUV+azxAm8jdWZN06QTQk+2N2XB9jRDkvbmQmcRtg=="
  "resolved" "https://registry.npmjs.org/bluebird/-/bluebird-3.7.2.tgz"
  "version" "3.7.2"

"buffer-from@^1.0.0":
  "integrity" "sha512-E+XQCRwSbaaiChtv6k6Dwgc+bx+Bs6vuKJHHl5kox/BaKbhiXzqQOwK4cO22yElGp2OCmjwVhT3HmxgyPGnJfQ=="
  "resolved" "https://registry.npmjs.org/buffer-from/-/buffer-from-1.1.2.tgz"
  "version" "1.1.2"

"busboy@^0.2.11":
  "integrity" "sha1-bCpiLvz0fFe7vh4qnDetNseSVFM="
  "resolved" "https://registry.npmjs.org/busboy/-/busboy-0.2.14.tgz"
  "version" "0.2.14"
  dependencies:
    "dicer" "0.2.5"
    "readable-stream" "1.1.x"

"colors@~0.6.2":
  "integrity" "sha1-JCP+ZnisDF2uiFLl0OW+CMmXq8w="
  "resolved" "https://registry.npmjs.org/colors/-/colors-0.6.2.tgz"
  "version" "0.6.2"

"compile-run@^2.3.4":
  "integrity" "sha512-O0veikr1Lkbq6uBpow7qDi2v/37GJKYghwJzpp5zfU4uVcgVcU0jz6mzCQeux1HCqknHNijEnJ7+yRJ0b/UcQA=="
  "resolved" "https://registry.npmjs.org/compile-run/-/compile-run-2.3.4.tgz"
  "version" "2.3.4"

"compilex@^0.7.0":
  "integrity" "sha1-S3kktcix1yIKE6Ogb9doGC2BJoM="
  "resolved" "https://registry.npmjs.org/compilex/-/compilex-0.7.0.tgz"
  "version" "0.7.0"
  dependencies:
    "colors" "~0.6.2"
    "cuid" "~1.2.4"

"concat-stream@^1.5.2":
  "integrity" "sha512-27HBghJxjiZtIk3Ycvn/4kbJk/1uZuJFfuPEns6LaEvpvG1f0hTea8lilrouyo9mVc2GWdcEZ8OLoGmSADlrCw=="
  "resolved" "https://registry.npmjs.org/concat-stream/-/concat-stream-1.6.2.tgz"
  "version" "1.6.2"
  dependencies:
    "buffer-from" "^1.0.0"
    "inherits" "^2.0.3"
    "readable-stream" "^2.2.2"
    "typedarray" "^0.0.6"

"core-util-is@~1.0.0":
  "integrity" "sha512-ZQBvi1DcpJ4GDqanjucZ2Hj3wEO5pZDS89BWbkcrvdxksJorwUDDZamX9ldFkp9aw2lmBDLgkObEA4DWNJ9FYQ=="
  "resolved" "https://registry.npmjs.org/core-util-is/-/core-util-is-1.0.3.tgz"
  "version" "1.0.3"

"csvtojson@^2.0.10":
  "integrity" "sha512-lUWFxGKyhraKCW8Qghz6Z0f2l/PqB1W3AO0HKJzGIQ5JRSlR651ekJDiGJbBT4sRNNv5ddnSGVEnsxP9XRCVpQ=="
  "resolved" "https://registry.npmjs.org/csvtojson/-/csvtojson-2.0.10.tgz"
  "version" "2.0.10"
  dependencies:
    "bluebird" "^3.5.1"
    "lodash" "^4.17.3"
    "strip-bom" "^2.0.0"

"cuid@~1.2.4":
  "integrity" "sha1-SzYXaYf5BjzgXuCTTonM7kud6KY="
  "resolved" "https://registry.npmjs.org/cuid/-/cuid-1.2.5.tgz"
  "version" "1.2.5"

"debug@^4.3.3":
  "integrity" "sha512-/zxw5+vh1Tfv+4Qn7a5nsbcJKPaSvCDhojn6FEl9vupwK2VCSDtEiEtqr8DFtzYFOdz63LBkxec7DYuc2jon6Q=="
  "resolved" "https://registry.npmjs.org/debug/-/debug-4.3.3.tgz"
  "version" "4.3.3"
  dependencies:
    "ms" "2.1.2"

"dicer@0.2.5":
  "integrity" "sha1-WZbAhrszIYyBLAkL3cCc0S+stw8="
  "resolved" "https://registry.npmjs.org/dicer/-/dicer-0.2.5.tgz"
  "version" "0.2.5"
  dependencies:
    "readable-stream" "1.1.x"
    "streamsearch" "0.1.2"

"dottie@^2.0.2":
  "integrity" "sha512-fmrwR04lsniq/uSr8yikThDTrM7epXHBAAjH9TbeH3rEA8tdCO7mRzB9hdmdGyJCxF8KERo9CITcm3kGuoyMhg=="
  "resolved" "https://registry.npmjs.org/dottie/-/dottie-2.0.2.tgz"
  "version" "2.0.2"

"ee-first@1.1.1":
  "integrity" "sha1-WQxhFWsK4vTwJVcyoViyZrxWsh0="
  "resolved" "https://registry.npmjs.org/ee-first/-/ee-first-1.1.1.tgz"
  "version" "1.1.1"

"inflection@^1.13.1":
  "integrity" "sha512-cmZlljCRTBFouT8UzMzrGcVEvkv6D/wBdcdKG7J1QH5cXjtU75Dm+P27v9EKu/Y43UYyCJd1WC4zLebRrC8NBw=="
  "resolved" "https://registry.npmjs.org/inflection/-/inflection-1.13.2.tgz"
  "version" "1.13.2"

"inherits@^2.0.3", "inherits@~2.0.1", "inherits@~2.0.3":
  "integrity" "sha512-k/vGaX4/Yla3WzyMCvTQOXYeIHvqOKtnqBduzTHpzpQZzAskKMhZ2K+EnBiSM9zGSoIFeMpXKxa4dYeZIQqewQ=="
  "resolved" "https://registry.npmjs.org/inherits/-/inherits-2.0.4.tgz"
  "version" "2.0.4"

"is-utf8@^0.2.0":
  "integrity" "sha1-Sw2hRCEE0bM2NA6AeX6GXPOffXI="
  "resolved" "https://registry.npmjs.org/is-utf8/-/is-utf8-0.2.1.tgz"
  "version" "0.2.1"

"isarray@~1.0.0":
  "integrity" "sha1-u5NdSFgsuhaMBoNJV6VKPgcSTxE="
  "resolved" "https://registry.npmjs.org/isarray/-/isarray-1.0.0.tgz"
  "version" "1.0.0"

"isarray@0.0.1":
  "integrity" "sha1-ihis/Kmo9Bd+Cav8YDiTmwXR7t8="
  "resolved" "https://registry.npmjs.org/isarray/-/isarray-0.0.1.tgz"
  "version" "0.0.1"

"lodash@^4.17.21", "lodash@^4.17.3":
  "integrity" "sha512-v2kDEe57lecTulaDIuNTPy3Ry4gLGJ6Z1O3vE1krgXZNrsQ+LFTGHVxVjcXPs17LhbZVGedAJv8XZ1tvj5FvSg=="
  "resolved" "https://registry.npmjs.org/lodash/-/lodash-4.17.21.tgz"
  "version" "4.17.21"

"lru-cache@^6.0.0":
  "integrity" "sha512-Jo6dJ04CmSjuznwJSS3pUeWmd/H0ffTlkXXgwZi+eq1UCmqQwCh+eLsYOYCwY991i2Fah4h1BEMCx4qThGbsiA=="
  "resolved" "https://registry.npmjs.org/lru-cache/-/lru-cache-6.0.0.tgz"
  "version" "6.0.0"
  dependencies:
    "yallist" "^4.0.0"

"media-typer@0.3.0":
  "integrity" "sha1-hxDXrwqmJvj/+hzgAWhUUmMlV0g="
  "resolved" "https://registry.npmjs.org/media-typer/-/media-typer-0.3.0.tgz"
  "version" "0.3.0"

"mime-db@1.51.0":
  "integrity" "sha512-5y8A56jg7XVQx2mbv1lu49NR4dokRnhZYTtL+KGfaa27uq4pSTXkwQkFJl4pkRMyNFz/EtYDSkiiEHx3F7UN6g=="
  "resolved" "https://registry.npmjs.org/mime-db/-/mime-db-1.51.0.tgz"
  "version" "1.51.0"

"mime-types@~2.1.24":
  "integrity" "sha512-6cP692WwGIs9XXdOO4++N+7qjqv0rqxxVvJ3VHPh/Sc9mVZcQP+ZGhkKiTvWMQRr2tbHkJP/Yn7Y0npb3ZBs4A=="
  "resolved" "https://registry.npmjs.org/mime-types/-/mime-types-2.1.34.tgz"
  "version" "2.1.34"
  dependencies:
    "mime-db" "1.51.0"

"minimist@^1.2.5":
  "integrity" "sha512-FM9nNUYrRBAELZQT3xeZQ7fmMOBg6nWNmJKTcgsJeaLstP/UODVpGsr5OhXhhXg6f+qtJ8uiZ+PUxkDWcgIXLw=="
  "resolved" "https://registry.npmjs.org/minimist/-/minimist-1.2.5.tgz"
  "version" "1.2.5"

"mkdirp@^0.5.4":
  "integrity" "sha512-NKmAlESf6jMGym1++R0Ra7wvhV+wFW63FaSOFPwRahvea0gMUcGUhVeAg/0BC0wiv9ih5NYPB1Wn1UEI1/L+xQ=="
  "resolved" "https://registry.npmjs.org/mkdirp/-/mkdirp-0.5.5.tgz"
  "version" "0.5.5"
  dependencies:
    "minimist" "^1.2.5"

"moment-timezone@^0.5.34":
  "integrity" "sha512-3zAEHh2hKUs3EXLESx/wsgw6IQdusOT8Bxm3D9UrHPQR7zlMmzwybC8zHEM1tQ4LJwP7fcxrWr8tuBg05fFCbg=="
  "resolved" "https://registry.npmjs.org/moment-timezone/-/moment-timezone-0.5.34.tgz"
  "version" "0.5.34"
  dependencies:
    "moment" ">= 2.9.0"

"moment@^2.29.1", "moment@>= 2.9.0":
  "integrity" "sha512-kHmoybcPV8Sqy59DwNDY3Jefr64lK/by/da0ViFcuA4DH0vQg5Q6Ze5VimxkfQNSC+Mls/Kx53s7TjP1RhFEDQ=="
  "resolved" "https://registry.npmjs.org/moment/-/moment-2.29.1.tgz"
  "version" "2.29.1"

"ms@2.1.2":
  "integrity" "sha512-sGkPx+VjMtmA6MX27oA4FBFELFCZZ4S4XqeGOXCv68tT+jb3vk/RyaKWP0PTKyWtmLSM0b+adUTEvbs1PEaH2w=="
  "resolved" "https://registry.npmjs.org/ms/-/ms-2.1.2.tgz"
  "version" "2.1.2"

"multer@^1.4.4":
  "integrity" "sha512-2wY2+xD4udX612aMqMcB8Ws2Voq6NIUPEtD1be6m411T4uDH/VtL9i//xvcyFlTVfRdaBsk7hV5tgrGQqhuBiw=="
  "resolved" "https://registry.npmjs.org/multer/-/multer-1.4.4.tgz"
  "version" "1.4.4"
  dependencies:
    "append-field" "^1.0.0"
    "busboy" "^0.2.11"
    "concat-stream" "^1.5.2"
    "mkdirp" "^0.5.4"
    "object-assign" "^4.1.1"
    "on-finished" "^2.3.0"
    "type-is" "^1.6.4"
    "xtend" "^4.0.0"

"object-assign@^4.1.1":
  "integrity" "sha1-IQmtx5ZYh8/AXLvUQsrIv7s2CGM="
  "resolved" "https://registry.npmjs.org/object-assign/-/object-assign-4.1.1.tgz"
  "version" "4.1.1"

"on-finished@^2.3.0":
  "integrity" "sha1-IPEzZIGwg811M3mSoWlxqi2QaUc="
  "resolved" "https://registry.npmjs.org/on-finished/-/on-finished-2.3.0.tgz"
  "version" "2.3.0"
  dependencies:
    "ee-first" "1.1.1"

"pg-connection-string@^2.5.0":
  "integrity" "sha512-r5o/V/ORTA6TmUnyWZR9nCj1klXCO2CEKNRlVuJptZe85QuhFayC7WeMic7ndayT5IRIR0S0xFxFi2ousartlQ=="
  "resolved" "https://registry.npmjs.org/pg-connection-string/-/pg-connection-string-2.5.0.tgz"
  "version" "2.5.0"

"process-nextick-args@~2.0.0":
  "integrity" "sha512-3ouUOpQhtgrbOa17J7+uxOTpITYWaGP7/AhoR3+A+/1e9skrzelGi/dXzEYyvbxubEF6Wn2ypscTKiKJFFn1ag=="
  "resolved" "https://registry.npmjs.org/process-nextick-args/-/process-nextick-args-2.0.1.tgz"
  "version" "2.0.1"

"readable-stream@^2.2.2":
  "integrity" "sha512-Ebho8K4jIbHAxnuxi7o42OrZgF/ZTNcsZj6nRKyUmkhLFq8CHItp/fy6hQZuZmP/n3yZ9VBUbp4zz/mX8hmYPw=="
  "resolved" "https://registry.npmjs.org/readable-stream/-/readable-stream-2.3.7.tgz"
  "version" "2.3.7"
  dependencies:
    "core-util-is" "~1.0.0"
    "inherits" "~2.0.3"
    "isarray" "~1.0.0"
    "process-nextick-args" "~2.0.0"
    "safe-buffer" "~5.1.1"
    "string_decoder" "~1.1.1"
    "util-deprecate" "~1.0.1"

"readable-stream@1.1.x":
  "integrity" "sha1-fPTFTvZI44EwhMY23SB54WbAgdk="
  "resolved" "https://registry.npmjs.org/readable-stream/-/readable-stream-1.1.14.tgz"
  "version" "1.1.14"
  dependencies:
    "core-util-is" "~1.0.0"
    "inherits" "~2.0.1"
    "isarray" "0.0.1"
    "string_decoder" "~0.10.x"

"retry-as-promised@^5.0.0":
  "integrity" "sha512-6S+5LvtTl2ggBumk04hBo/4Uf6fRJUwIgunGZ7CYEBCeufGFW1Pu6ucUf/UskHeWOIsUcLOGLFXPig5tR5V1nA=="
  "resolved" "https://registry.npmjs.org/retry-as-promised/-/retry-as-promised-5.0.0.tgz"
  "version" "5.0.0"

"safe-buffer@~5.1.0", "safe-buffer@~5.1.1":
  "integrity" "sha512-Gd2UZBJDkXlY7GbJxfsE8/nvKkUEU1G38c1siN6QP6a9PT9MmHB8GnpscSmMJSoF8LOIrt8ud/wPtojys4G6+g=="
  "resolved" "https://registry.npmjs.org/safe-buffer/-/safe-buffer-5.1.2.tgz"
  "version" "5.1.2"

"semver@^7.3.5":
  "integrity" "sha512-PoeGJYh8HK4BTO/a9Tf6ZG3veo/A7ZVsYrSA6J8ny9nb3B1VrpkuN+z9OE5wfE5p6H4LchYZsegiQgbJD94ZFQ=="
  "resolved" "https://registry.npmjs.org/semver/-/semver-7.3.5.tgz"
  "version" "7.3.5"
  dependencies:
    "lru-cache" "^6.0.0"

"sequelize-pool@^7.1.0":
  "integrity" "sha512-G9c0qlIWQSK29pR/5U2JF5dDQeqqHRragoyahj/Nx4KOOQ3CPPfzxnfqFPCSB7x5UgjOgnZ61nSxz+fjDpRlJg=="
  "resolved" "https://registry.npmjs.org/sequelize-pool/-/sequelize-pool-7.1.0.tgz"
  "version" "7.1.0"

"streamsearch@0.1.2":
  "integrity" "sha1-gIudDlb8Jz2Am6VzOOkpkZoanxo="
  "resolved" "https://registry.npmjs.org/streamsearch/-/streamsearch-0.1.2.tgz"
  "version" "0.1.2"

"string_decoder@~0.10.x":
  "integrity" "sha1-YuIDvEF2bGwoyfyEMB2rHFMQ+pQ="
  "resolved" "https://registry.npmjs.org/string_decoder/-/string_decoder-0.10.31.tgz"
  "version" "0.10.31"

"string_decoder@~1.1.1":
  "integrity" "sha512-n/ShnvDi6FHbbVfviro+WojiFzv+s8MPMHBczVePfUpDJLwoLT0ht1l4YwBCbi8pJAveEEdnkHyPyTP/mzRfwg=="
  "resolved" "https://registry.npmjs.org/string_decoder/-/string_decoder-1.1.1.tgz"
  "version" "1.1.1"
  dependencies:
    "safe-buffer" "~5.1.0"

"strip-bom@^2.0.0":
  "integrity" "sha1-YhmoVhZSBJHzV4i9vxRHqZx+aw4="
  "resolved" "https://registry.npmjs.org/strip-bom/-/strip-bom-2.0.0.tgz"
  "version" "2.0.0"
  dependencies:
    "is-utf8" "^0.2.0"

"toposort-class@^1.0.1":
  "integrity" "sha1-f/0feMi+KMO6Rc1OGj9e4ZO9mYg="
  "resolved" "https://registry.npmjs.org/toposort-class/-/toposort-class-1.0.1.tgz"
  "version" "1.0.1"

"type-is@^1.6.4":
  "integrity" "sha512-TkRKr9sUTxEH8MdfuCSP7VizJyzRNMjj2J2do2Jr3Kym598JVdEksuzPQCnlFPW4ky9Q+iA+ma9BGm06XQBy8g=="
  "resolved" "https://registry.npmjs.org/type-is/-/type-is-1.6.18.tgz"
  "version" "1.6.18"
  dependencies:
    "media-typer" "0.3.0"
    "mime-types" "~2.1.24"

"typedarray@^0.0.6":
  "integrity" "sha1-hnrHTjhkGHsdPUfZlqeOxciDB3c="
  "resolved" "https://registry.npmjs.org/typedarray/-/typedarray-0.0.6.tgz"
  "version" "0.0.6"

"util-deprecate@~1.0.1":
  "integrity" "sha1-RQ1Nyfpw3nMnYvvS1KKJgUGaDM8="
  "resolved" "https://registry.npmjs.org/util-deprecate/-/util-deprecate-1.0.2.tgz"
  "version" "1.0.2"

"uuid@^8.3.2":
  "integrity" "sha512-+NYs2QeMWy+GWFOEm9xnn6HCDp0l7QBD7ml8zLUmJ+93Q5NF0NocErnwkTkXVFNiX3/fpC6afS8Dhb/gz7R7eg=="
  "resolved" "https://registry.npmjs.org/uuid/-/uuid-8.3.2.tgz"
  "version" "8.3.2"

"validator@^13.7.0":
  "integrity" "sha512-nYXQLCBkpJ8X6ltALua9dRrZDHVYxjJ1wgskNt1lH9fzGjs3tgojGSCBjmEPwkWS1y29+DrizMTW19Pr9uB2nw=="
  "resolved" "https://registry.npmjs.org/validator/-/validator-13.7.0.tgz"
  "version" "13.7.0"

"wkx@^0.5.0":
  "integrity" "sha512-Xng/d4Ichh8uN4l0FToV/258EjMGU9MGcA0HV2d9B/ZpZB3lqQm7nkOdZdm5GhKtLLhAE7PiVQwN4eN+2YJJUg=="
  "resolved" "https://registry.npmjs.org/wkx/-/wkx-0.5.0.tgz"
  "version" "0.5.0"
  dependencies:
    "@types/node" "*"

"xtend@^4.0.0":
  "integrity" "sha512-LKYU1iAXJXUgAXn9URjiu+MWhyUXHsvfp7mcuYm9dSUKK0/CjtrUwFAxD82/mCWbtLsGjFIad0wIsod4zrTAEQ=="
  "resolved" "https://registry.npmjs.org/xtend/-/xtend-4.0.2.tgz"
  "version" "4.0.2"

"yallist@^4.0.0":
  "integrity" "sha512-3wdGidZyq5PB084XLES5TpOSRA3wjXAlIWMhum2kRcv/41Sn2emQ0dycQW4uZXLejwKvg6EsvbdlVL+FYEct7A=="
  "resolved" "https://registry.npmjs.org/yallist/-/yallist-4.0.0.tgz"
  "version" "4.0.0"
